
Microsoft Visual Studio Solution File, Format Version 12.00
# Visual Studio 2013
VisualStudioVersion = 12.0.31101.0
MinimumVisualStudioVersion = 10.0.40219.1
Project("{FAE04EC0-301F-11D3-BF4B-00C04F79EFBC}") = "chat", "chat\chat.csproj", "{54B780DC-A9B1-4466-8B7B-50B2F93869F4}"
EndProject
Project("{FAE04EC0-301F-11D3-BF4B-00C04F79EFBC}") = "socketserver", "socketserver\socketserver.csproj", "{CC3AA081-A31E-4E9A-88A0-520B5C7EEBA2}"
EndProject
Global
	GlobalSection(SolutionConfigurationPlatforms) = preSolution
		Debug|Any CPU = Debug|Any CPU
		Release|Any CPU = Release|Any CPU
	EndGlobalSection
	GlobalSection(ProjectConfigurationPlatforms) = postSolution
		{54B780DC-A9B1-4466-8B7B-50B2F93869F4}.Debug|Any CPU.ActiveCfg = Debug|Any CPU
		{54B780DC-A9B1-4466-8B7B-50B2F93869F4}.Debug|Any CPU.Build.0 = Debug|Any CPU
		{54B780DC-A9B1-4466-8B7B-50B2F93869F4}.Release|Any CPU.ActiveCfg = Release|Any CPU
		{54B780DC-A9B1-4466-8B7B-50B2F93869F4}.Release|Any CPU.Build.0 = Release|Any CPU
		{CC3AA081-A31E-4E9A-88A0-520B5C7EEBA2}.Debug|Any CPU.ActiveCfg = Debug|Any CPU
		{CC3AA081-A31E-4E9A-88A0-520B5C7EEBA2}.Debug|Any CPU.Build.0 = Debug|Any CPU
		{CC3AA081-A31E-4E9A-88A0-520B5C7EEBA2}.Release|Any CPU.ActiveCfg = Release|Any CPU
		{CC3AA081-A31E-4E9A-88A0-520B5C7EEBA2}.Release|Any CPU.Build.0 = Release|Any CPU
	EndGlobalSection
	GlobalSection(SolutionProperties) = preSolution
		HideSolutionNode = FALSE
	EndGlobalSection
EndGlobal
